{
  "nodes": {
    "flake-utils": {
      "locked": {
        "lastModified": 1607173379,
        "narHash": "sha256-wKwwwbdvYtm0bY6PaeCWO3k0+Bg+VohC56Vn7Z9ZX/U=",
        "owner": "poscat0x04",
        "repo": "flake-utils",
        "rev": "1841839284bd33948154ccdf73f8712a01bfab64",
        "type": "github"
      },
      "original": {
        "owner": "poscat0x04",
        "repo": "flake-utils",
        "type": "github"
      }
    },
    "nixpkgs": {
      "locked": {
        "lastModified": 1608557166,
        "narHash": "sha256-N9n82yV/9CCAuJtKPg3EcHR1wZCTGciwrK1TaWYFDME=",
        "owner": "NixOS",
        "repo": "nixpkgs",
        "rev": "2a058487cb7a50e7650f1657ee0151a19c59ec3b",
        "type": "github"
      },
      "original": {
        "owner": "NixOS",
        "ref": "nixpkgs-unstable",
        "repo": "nixpkgs",
        "type": "github"
      }
    },
    "root": {
      "inputs": {
        "flake-utils": "flake-utils",
        "nixpkgs": "nixpkgs",
        "spdx-license": "spdx-license"
      }
    },
    "spdx-license": {
      "inputs": {
        "flake-utils": [
          "flake-utils"
        ],
        "nixpkgs": [
          "nixpkgs"
        ]
      },
      "locked": {
        "lastModified": 1608621700,
        "narHash": "sha256-6zuXXs8HhkYWtC1JFtxLzZAe72BkuA5rEcZumHnFifg=",
        "owner": "poscat0x04",
        "repo": "spdx-license",
        "rev": "1d6e212451ac00f1223d7059f591a4799455816a",
        "type": "github"
      },
      "original": {
        "owner": "poscat0x04",
        "ref": "0.1.0",
        "repo": "spdx-license",
        "type": "github"
      }
    }
  },
  "root": "root",
  "version": 7
}
